// !$*UTF8*$!
{
	archiveVersion = 1;
	classes = {
	};
	objectVersion = 56;
	objects = {

/* Begin PBXBuildFile section */
		FE2285162BC70DB600E0E5C8 /* GFTitleLabel.swift in Sources */ = {isa = PBXBuildFile; fileRef = FE2285152BC70DB600E0E5C8 /* GFTitleLabel.swift */; };
		FE2285182BC70EF700E0E5C8 /* GFBodyLabel.swift in Sources */ = {isa = PBXBuildFile; fileRef = FE2285172BC70EF700E0E5C8 /* GFBodyLabel.swift */; };
		FE22851B2BC70FD100E0E5C8 /* GFAlertViewController.swift in Sources */ = {isa = PBXBuildFile; fileRef = FE22851A2BC70FD100E0E5C8 /* GFAlertViewController.swift */; };
		FE22851E2BC7479400E0E5C8 /* UIViewController+Ext.swift in Sources */ = {isa = PBXBuildFile; fileRef = FE22851D2BC7479400E0E5C8 /* UIViewController+Ext.swift */; };
		FE2285202BC750CB00E0E5C8 /* GFButton.swift in Sources */ = {isa = PBXBuildFile; fileRef = FE22851F2BC750CB00E0E5C8 /* GFButton.swift */; };
		FE2285232BC9838600E0E5C8 /* GFEmptyStateView.swift in Sources */ = {isa = PBXBuildFile; fileRef = FE2285222BC9838600E0E5C8 /* GFEmptyStateView.swift */; };
		FE2285252BC9E3FC00E0E5C8 /* UserInfoVC.swift in Sources */ = {isa = PBXBuildFile; fileRef = FE2285242BC9E3FC00E0E5C8 /* UserInfoVC.swift */; };
		FE2285272BCC43F200E0E5C8 /* GFUserInfoHeaderVC.swift in Sources */ = {isa = PBXBuildFile; fileRef = FE2285262BCC43F200E0E5C8 /* GFUserInfoHeaderVC.swift */; };
		FE2285292BCC448B00E0E5C8 /* GFSecondaryTitleLabel.swift in Sources */ = {isa = PBXBuildFile; fileRef = FE2285282BCC448B00E0E5C8 /* GFSecondaryTitleLabel.swift */; };
		FE22852B2BCC471B00E0E5C8 /* GFAvartarImageView.swift in Sources */ = {isa = PBXBuildFile; fileRef = FE22852A2BCC471B00E0E5C8 /* GFAvartarImageView.swift */; };
		FE22852E2BCCB0F100E0E5C8 /* Constants.swift in Sources */ = {isa = PBXBuildFile; fileRef = FE22852D2BCCB0F100E0E5C8 /* Constants.swift */; };
		FE2285302BCDA0E100E0E5C8 /* GFItemInfoView.swift in Sources */ = {isa = PBXBuildFile; fileRef = FE22852F2BCDA0E100E0E5C8 /* GFItemInfoView.swift */; };
		FE2285322BCDA69E00E0E5C8 /* GFItemInfoVC.swift in Sources */ = {isa = PBXBuildFile; fileRef = FE2285312BCDA69E00E0E5C8 /* GFItemInfoVC.swift */; };
		FE2285342BCE0D7100E0E5C8 /* GFRepoItemVC.swift in Sources */ = {isa = PBXBuildFile; fileRef = FE2285332BCE0D7100E0E5C8 /* GFRepoItemVC.swift */; };
		FE2285362BCE10D400E0E5C8 /* GFFollowerItemVC.swift in Sources */ = {isa = PBXBuildFile; fileRef = FE2285352BCE10D400E0E5C8 /* GFFollowerItemVC.swift */; };
		FE2285392BCECAC100E0E5C8 /* Date+Ext.swift in Sources */ = {isa = PBXBuildFile; fileRef = FE2285382BCECAC100E0E5C8 /* Date+Ext.swift */; };
		FE22853B2BCECAF700E0E5C8 /* String+Ext.swift in Sources */ = {isa = PBXBuildFile; fileRef = FE22853A2BCECAF700E0E5C8 /* String+Ext.swift */; };
		FE22853D2BCF374600E0E5C8 /* PersistenceManager.swift in Sources */ = {isa = PBXBuildFile; fileRef = FE22853C2BCF374600E0E5C8 /* PersistenceManager.swift */; };
		FE22853F2BCF390F00E0E5C8 /* GFError.swift in Sources */ = {isa = PBXBuildFile; fileRef = FE22853E2BCF390F00E0E5C8 /* GFError.swift */; };
		FE2285412BD01E7C00E0E5C8 /* FavoriteListVC.swift in Sources */ = {isa = PBXBuildFile; fileRef = FE2285402BD01E7C00E0E5C8 /* FavoriteListVC.swift */; };
		FE2285452BD023DE00E0E5C8 /* FavoriteCell.swift in Sources */ = {isa = PBXBuildFile; fileRef = FE2285442BD023DE00E0E5C8 /* FavoriteCell.swift */; };
		FE3D579B2B695DE700A1B94A /* AppDelegate.swift in Sources */ = {isa = PBXBuildFile; fileRef = FE3D579A2B695DE700A1B94A /* AppDelegate.swift */; };
		FE3D579D2B695DE700A1B94A /* SceneDelegate.swift in Sources */ = {isa = PBXBuildFile; fileRef = FE3D579C2B695DE700A1B94A /* SceneDelegate.swift */; };
		FE3D579F2B695DE700A1B94A /* MainViewController.swift in Sources */ = {isa = PBXBuildFile; fileRef = FE3D579E2B695DE700A1B94A /* MainViewController.swift */; };
		FE3D57A42B695DE900A1B94A /* Assets.xcassets in Resources */ = {isa = PBXBuildFile; fileRef = FE3D57A32B695DE900A1B94A /* Assets.xcassets */; };
		FE3D57A72B695DE900A1B94A /* LaunchScreen.storyboard in Resources */ = {isa = PBXBuildFile; fileRef = FE3D57A52B695DE900A1B94A /* LaunchScreen.storyboard */; };
		FE3D57AF2B69634700A1B94A /* SearchVC.swift in Sources */ = {isa = PBXBuildFile; fileRef = FE3D57AE2B69634700A1B94A /* SearchVC.swift */; };
		FE3D57B12B696A1800A1B94A /* FollowerListVC.swift in Sources */ = {isa = PBXBuildFile; fileRef = FE3D57B02B696A1800A1B94A /* FollowerListVC.swift */; };
		FE3D57B42B69777100A1B94A /* Follower.swift in Sources */ = {isa = PBXBuildFile; fileRef = FE3D57B32B69777100A1B94A /* Follower.swift */; };
		FE3D57B62B6977AA00A1B94A /* User.swift in Sources */ = {isa = PBXBuildFile; fileRef = FE3D57B52B6977AA00A1B94A /* User.swift */; };
		FE3D57B92B69789C00A1B94A /* NetworkManager.swift in Sources */ = {isa = PBXBuildFile; fileRef = FE3D57B82B69789C00A1B94A /* NetworkManager.swift */; };
		FE3D57BB2B69871E00A1B94A /* FollowerCell.swift in Sources */ = {isa = PBXBuildFile; fileRef = FE3D57BA2B69871E00A1B94A /* FollowerCell.swift */; };
/* End PBXBuildFile section */

/* Begin PBXFileReference section */
		FE2285152BC70DB600E0E5C8 /* GFTitleLabel.swift */ = {isa = PBXFileReference; lastKnownFileType = sourcecode.swift; path = GFTitleLabel.swift; sourceTree = "<group>"; };
		FE2285172BC70EF700E0E5C8 /* GFBodyLabel.swift */ = {isa = PBXFileReference; lastKnownFileType = sourcecode.swift; path = GFBodyLabel.swift; sourceTree = "<group>"; };
		FE22851A2BC70FD100E0E5C8 /* GFAlertViewController.swift */ = {isa = PBXFileReference; lastKnownFileType = sourcecode.swift; path = GFAlertViewController.swift; sourceTree = "<group>"; };
		FE22851D2BC7479400E0E5C8 /* UIViewController+Ext.swift */ = {isa = PBXFileReference; lastKnownFileType = sourcecode.swift; path = "UIViewController+Ext.swift"; sourceTree = "<group>"; };
		FE22851F2BC750CB00E0E5C8 /* GFButton.swift */ = {isa = PBXFileReference; lastKnownFileType = sourcecode.swift; path = GFButton.swift; sourceTree = "<group>"; };
		FE2285222BC9838600E0E5C8 /* GFEmptyStateView.swift */ = {isa = PBXFileReference; lastKnownFileType = sourcecode.swift; path = GFEmptyStateView.swift; sourceTree = "<group>"; };
		FE2285242BC9E3FC00E0E5C8 /* UserInfoVC.swift */ = {isa = PBXFileReference; lastKnownFileType = sourcecode.swift; path = UserInfoVC.swift; sourceTree = "<group>"; };
		FE2285262BCC43F200E0E5C8 /* GFUserInfoHeaderVC.swift */ = {isa = PBXFileReference; lastKnownFileType = sourcecode.swift; path = GFUserInfoHeaderVC.swift; sourceTree = "<group>"; };
		FE2285282BCC448B00E0E5C8 /* GFSecondaryTitleLabel.swift */ = {isa = PBXFileReference; lastKnownFileType = sourcecode.swift; path = GFSecondaryTitleLabel.swift; sourceTree = "<group>"; };
		FE22852A2BCC471B00E0E5C8 /* GFAvartarImageView.swift */ = {isa = PBXFileReference; lastKnownFileType = sourcecode.swift; path = GFAvartarImageView.swift; sourceTree = "<group>"; };
		FE22852D2BCCB0F100E0E5C8 /* Constants.swift */ = {isa = PBXFileReference; lastKnownFileType = sourcecode.swift; path = Constants.swift; sourceTree = "<group>"; };
		FE22852F2BCDA0E100E0E5C8 /* GFItemInfoView.swift */ = {isa = PBXFileReference; lastKnownFileType = sourcecode.swift; path = GFItemInfoView.swift; sourceTree = "<group>"; };
		FE2285312BCDA69E00E0E5C8 /* GFItemInfoVC.swift */ = {isa = PBXFileReference; lastKnownFileType = sourcecode.swift; path = GFItemInfoVC.swift; sourceTree = "<group>"; };
		FE2285332BCE0D7100E0E5C8 /* GFRepoItemVC.swift */ = {isa = PBXFileReference; lastKnownFileType = sourcecode.swift; path = GFRepoItemVC.swift; sourceTree = "<group>"; };
		FE2285352BCE10D400E0E5C8 /* GFFollowerItemVC.swift */ = {isa = PBXFileReference; lastKnownFileType = sourcecode.swift; path = GFFollowerItemVC.swift; sourceTree = "<group>"; };
		FE2285382BCECAC100E0E5C8 /* Date+Ext.swift */ = {isa = PBXFileReference; lastKnownFileType = sourcecode.swift; path = "Date+Ext.swift"; sourceTree = "<group>"; };
		FE22853A2BCECAF700E0E5C8 /* String+Ext.swift */ = {isa = PBXFileReference; lastKnownFileType = sourcecode.swift; path = "String+Ext.swift"; sourceTree = "<group>"; };
		FE22853C2BCF374600E0E5C8 /* PersistenceManager.swift */ = {isa = PBXFileReference; lastKnownFileType = sourcecode.swift; path = PersistenceManager.swift; sourceTree = "<group>"; };
		FE22853E2BCF390F00E0E5C8 /* GFError.swift */ = {isa = PBXFileReference; lastKnownFileType = sourcecode.swift; path = GFError.swift; sourceTree = "<group>"; };
		FE2285402BD01E7C00E0E5C8 /* FavoriteListVC.swift */ = {isa = PBXFileReference; lastKnownFileType = sourcecode.swift; path = FavoriteListVC.swift; sourceTree = "<group>"; };
		FE2285442BD023DE00E0E5C8 /* FavoriteCell.swift */ = {isa = PBXFileReference; lastKnownFileType = sourcecode.swift; path = FavoriteCell.swift; sourceTree = "<group>"; };
		FE3D57972B695DE700A1B94A /* DiffableDataSource.app */ = {isa = PBXFileReference; explicitFileType = wrapper.application; includeInIndex = 0; path = DiffableDataSource.app; sourceTree = BUILT_PRODUCTS_DIR; };
		FE3D579A2B695DE700A1B94A /* AppDelegate.swift */ = {isa = PBXFileReference; lastKnownFileType = sourcecode.swift; path = AppDelegate.swift; sourceTree = "<group>"; };
		FE3D579C2B695DE700A1B94A /* SceneDelegate.swift */ = {isa = PBXFileReference; lastKnownFileType = sourcecode.swift; path = SceneDelegate.swift; sourceTree = "<group>"; };
		FE3D579E2B695DE700A1B94A /* MainViewController.swift */ = {isa = PBXFileReference; lastKnownFileType = sourcecode.swift; path = MainViewController.swift; sourceTree = "<group>"; };
		FE3D57A32B695DE900A1B94A /* Assets.xcassets */ = {isa = PBXFileReference; lastKnownFileType = folder.assetcatalog; path = Assets.xcassets; sourceTree = "<group>"; };
		FE3D57A62B695DE900A1B94A /* Base */ = {isa = PBXFileReference; lastKnownFileType = file.storyboard; name = Base; path = Base.lproj/LaunchScreen.storyboard; sourceTree = "<group>"; };
		FE3D57A82B695DE900A1B94A /* Info.plist */ = {isa = PBXFileReference; lastKnownFileType = text.plist.xml; path = Info.plist; sourceTree = "<group>"; };
		FE3D57AE2B69634700A1B94A /* SearchVC.swift */ = {isa = PBXFileReference; lastKnownFileType = sourcecode.swift; path = SearchVC.swift; sourceTree = "<group>"; };
		FE3D57B02B696A1800A1B94A /* FollowerListVC.swift */ = {isa = PBXFileReference; lastKnownFileType = sourcecode.swift; path = FollowerListVC.swift; sourceTree = "<group>"; };
		FE3D57B32B69777100A1B94A /* Follower.swift */ = {isa = PBXFileReference; lastKnownFileType = sourcecode.swift; path = Follower.swift; sourceTree = "<group>"; };
		FE3D57B52B6977AA00A1B94A /* User.swift */ = {isa = PBXFileReference; lastKnownFileType = sourcecode.swift; path = User.swift; sourceTree = "<group>"; };
		FE3D57B82B69789C00A1B94A /* NetworkManager.swift */ = {isa = PBXFileReference; lastKnownFileType = sourcecode.swift; path = NetworkManager.swift; sourceTree = "<group>"; };
		FE3D57BA2B69871E00A1B94A /* FollowerCell.swift */ = {isa = PBXFileReference; lastKnownFileType = sourcecode.swift; path = FollowerCell.swift; sourceTree = "<group>"; };
/* End PBXFileReference section */

/* Begin PBXFrameworksBuildPhase section */
		FE3D57942B695DE700A1B94A /* Frameworks */ = {
			isa = PBXFrameworksBuildPhase;
			buildActionMask = 2147483647;
			files = (
			);
			runOnlyForDeploymentPostprocessing = 0;
		};
/* End PBXFrameworksBuildPhase section */

/* Begin PBXGroup section */
		FE2285142BC70D7400E0E5C8 /* CustomViews */ = {
			isa = PBXGroup;
			children = (
				FE2285152BC70DB600E0E5C8 /* GFTitleLabel.swift */,
				FE2285172BC70EF700E0E5C8 /* GFBodyLabel.swift */,
				FE22851F2BC750CB00E0E5C8 /* GFButton.swift */,
				FE2285222BC9838600E0E5C8 /* GFEmptyStateView.swift */,
				FE2285282BCC448B00E0E5C8 /* GFSecondaryTitleLabel.swift */,
				FE22852A2BCC471B00E0E5C8 /* GFAvartarImageView.swift */,
				FE22852F2BCDA0E100E0E5C8 /* GFItemInfoView.swift */,
			);
			path = CustomViews;
			sourceTree = "<group>";
		};
		FE2285192BC70FAB00E0E5C8 /* CustomViewControllers */ = {
			isa = PBXGroup;
			children = (
				FE2285372BCE112500E0E5C8 /* ItemUserVCs */,
				FE22851A2BC70FD100E0E5C8 /* GFAlertViewController.swift */,
				FE2285262BCC43F200E0E5C8 /* GFUserInfoHeaderVC.swift */,
			);
			path = CustomViewControllers;
			sourceTree = "<group>";
		};
		FE22851C2BC7476E00E0E5C8 /* Extensions */ = {
			isa = PBXGroup;
			children = (
				FE22851D2BC7479400E0E5C8 /* UIViewController+Ext.swift */,
				FE2285382BCECAC100E0E5C8 /* Date+Ext.swift */,
				FE22853A2BCECAF700E0E5C8 /* String+Ext.swift */,
			);
			path = Extensions;
			sourceTree = "<group>";
		};
		FE2285212BC8387000E0E5C8 /* Screens */ = {
			isa = PBXGroup;
			children = (
				FE2285432BD023A800E0E5C8 /* FavoriteList */,
				FE2285422BD0238900E0E5C8 /* FollowerList */,
				FE3D579E2B695DE700A1B94A /* MainViewController.swift */,
				FE3D57AE2B69634700A1B94A /* SearchVC.swift */,
				FE2285242BC9E3FC00E0E5C8 /* UserInfoVC.swift */,
			);
			path = Screens;
			sourceTree = "<group>";
		};
		FE22852C2BCCB0E200E0E5C8 /* Utils */ = {
			isa = PBXGroup;
			children = (
				FE22852D2BCCB0F100E0E5C8 /* Constants.swift */,
				FE22853E2BCF390F00E0E5C8 /* GFError.swift */,
			);
			path = Utils;
			sourceTree = "<group>";
		};
		FE2285372BCE112500E0E5C8 /* ItemUserVCs */ = {
			isa = PBXGroup;
			children = (
				FE2285312BCDA69E00E0E5C8 /* GFItemInfoVC.swift */,
				FE2285332BCE0D7100E0E5C8 /* GFRepoItemVC.swift */,
				FE2285352BCE10D400E0E5C8 /* GFFollowerItemVC.swift */,
			);
			path = ItemUserVCs;
			sourceTree = "<group>";
		};
		FE2285422BD0238900E0E5C8 /* FollowerList */ = {
			isa = PBXGroup;
			children = (
				FE3D57B02B696A1800A1B94A /* FollowerListVC.swift */,
				FE3D57BA2B69871E00A1B94A /* FollowerCell.swift */,
			);
			path = FollowerList;
			sourceTree = "<group>";
		};
		FE2285432BD023A800E0E5C8 /* FavoriteList */ = {
			isa = PBXGroup;
			children = (
				FE2285402BD01E7C00E0E5C8 /* FavoriteListVC.swift */,
				FE2285442BD023DE00E0E5C8 /* FavoriteCell.swift */,
			);
			path = FavoriteList;
			sourceTree = "<group>";
		};
		FE3D578E2B695DE600A1B94A = {
			isa = PBXGroup;
			children = (
				FE3D57992B695DE700A1B94A /* DiffableDataSource */,
				FE3D57982B695DE700A1B94A /* Products */,
			);
			sourceTree = "<group>";
		};
		FE3D57982B695DE700A1B94A /* Products */ = {
			isa = PBXGroup;
			children = (
				FE3D57972B695DE700A1B94A /* DiffableDataSource.app */,
			);
			name = Products;
			sourceTree = "<group>";
		};
		FE3D57992B695DE700A1B94A /* DiffableDataSource */ = {
			isa = PBXGroup;
			children = (
				FE22852C2BCCB0E200E0E5C8 /* Utils */,
				FE2285212BC8387000E0E5C8 /* Screens */,
				FE22851C2BC7476E00E0E5C8 /* Extensions */,
				FE2285192BC70FAB00E0E5C8 /* CustomViewControllers */,
				FE2285142BC70D7400E0E5C8 /* CustomViews */,
				FE3D57B72B69788B00A1B94A /* Manager */,
				FE3D57B22B69776200A1B94A /* Model */,
				FE3D579A2B695DE700A1B94A /* AppDelegate.swift */,
				FE3D579C2B695DE700A1B94A /* SceneDelegate.swift */,
				FE3D57A32B695DE900A1B94A /* Assets.xcassets */,
				FE3D57A52B695DE900A1B94A /* LaunchScreen.storyboard */,
				FE3D57A82B695DE900A1B94A /* Info.plist */,
			);
			path = DiffableDataSource;
			sourceTree = "<group>";
		};
		FE3D57B22B69776200A1B94A /* Model */ = {
			isa = PBXGroup;
			children = (
				FE3D57B32B69777100A1B94A /* Follower.swift */,
				FE3D57B52B6977AA00A1B94A /* User.swift */,
			);
			path = Model;
			sourceTree = "<group>";
		};
		FE3D57B72B69788B00A1B94A /* Manager */ = {
			isa = PBXGroup;
			children = (
				FE3D57B82B69789C00A1B94A /* NetworkManager.swift */,
				FE22853C2BCF374600E0E5C8 /* PersistenceManager.swift */,
			);
			path = Manager;
			sourceTree = "<group>";
		};
/* End PBXGroup section */

/* Begin PBXNativeTarget section */
		FE3D57962B695DE700A1B94A /* DiffableDataSource */ = {
			isa = PBXNativeTarget;
			buildConfigurationList = FE3D57AB2B695DE900A1B94A /* Build configuration list for PBXNativeTarget "DiffableDataSource" */;
			buildPhases = (
				FE3D57932B695DE700A1B94A /* Sources */,
				FE3D57942B695DE700A1B94A /* Frameworks */,
				FE3D57952B695DE700A1B94A /* Resources */,
			);
			buildRules = (
			);
			dependencies = (
			);
			name = DiffableDataSource;
			productName = DiffableDataSource;
			productReference = FE3D57972B695DE700A1B94A /* DiffableDataSource.app */;
			productType = "com.apple.product-type.application";
		};
/* End PBXNativeTarget section */

/* Begin PBXProject section */
		FE3D578F2B695DE600A1B94A /* Project object */ = {
			isa = PBXProject;
			attributes = {
				BuildIndependentTargetsInParallel = 1;
				LastSwiftUpdateCheck = 1420;
				LastUpgradeCheck = 1520;
				TargetAttributes = {
					FE3D57962B695DE700A1B94A = {
						CreatedOnToolsVersion = 14.2;
					};
				};
			};
			buildConfigurationList = FE3D57922B695DE600A1B94A /* Build configuration list for PBXProject "DiffableDataSource" */;
			compatibilityVersion = "Xcode 14.0";
			developmentRegion = en;
			hasScannedForEncodings = 0;
			knownRegions = (
				en,
				Base,
			);
			mainGroup = FE3D578E2B695DE600A1B94A;
			productRefGroup = FE3D57982B695DE700A1B94A /* Products */;
			projectDirPath = "";
			projectRoot = "";
			targets = (
				FE3D57962B695DE700A1B94A /* DiffableDataSource */,
			);
		};
/* End PBXProject section */

/* Begin PBXResourcesBuildPhase section */
		FE3D57952B695DE700A1B94A /* Resources */ = {
			isa = PBXResourcesBuildPhase;
			buildActionMask = 2147483647;
			files = (
				FE3D57A72B695DE900A1B94A /* LaunchScreen.storyboard in Resources */,
				FE3D57A42B695DE900A1B94A /* Assets.xcassets in Resources */,
			);
			runOnlyForDeploymentPostprocessing = 0;
		};
/* End PBXResourcesBuildPhase section */

/* Begin PBXSourcesBuildPhase section */
		FE3D57932B695DE700A1B94A /* Sources */ = {
			isa = PBXSourcesBuildPhase;
			buildActionMask = 2147483647;
			files = (
				FE2285232BC9838600E0E5C8 /* GFEmptyStateView.swift in Sources */,
				FE3D57AF2B69634700A1B94A /* SearchVC.swift in Sources */,
				FE22851E2BC7479400E0E5C8 /* UIViewController+Ext.swift in Sources */,
				FE2285272BCC43F200E0E5C8 /* GFUserInfoHeaderVC.swift in Sources */,
				FE3D57B42B69777100A1B94A /* Follower.swift in Sources */,
				FE3D579F2B695DE700A1B94A /* MainViewController.swift in Sources */,
				FE3D57B12B696A1800A1B94A /* FollowerListVC.swift in Sources */,
				FE3D579B2B695DE700A1B94A /* AppDelegate.swift in Sources */,
				FE2285412BD01E7C00E0E5C8 /* FavoriteListVC.swift in Sources */,
				FE2285362BCE10D400E0E5C8 /* GFFollowerItemVC.swift in Sources */,
				FE2285392BCECAC100E0E5C8 /* Date+Ext.swift in Sources */,
				FE3D57BB2B69871E00A1B94A /* FollowerCell.swift in Sources */,
				FE2285182BC70EF700E0E5C8 /* GFBodyLabel.swift in Sources */,
				FE3D57B92B69789C00A1B94A /* NetworkManager.swift in Sources */,
				FE2285342BCE0D7100E0E5C8 /* GFRepoItemVC.swift in Sources */,
				FE3D579D2B695DE700A1B94A /* SceneDelegate.swift in Sources */,
				FE22853F2BCF390F00E0E5C8 /* GFError.swift in Sources */,
				FE22852B2BCC471B00E0E5C8 /* GFAvartarImageView.swift in Sources */,
				FE22853B2BCECAF700E0E5C8 /* String+Ext.swift in Sources */,
				FE2285202BC750CB00E0E5C8 /* GFButton.swift in Sources */,
				FE2285292BCC448B00E0E5C8 /* GFSecondaryTitleLabel.swift in Sources */,
				FE22853D2BCF374600E0E5C8 /* PersistenceManager.swift in Sources */,
				FE22852E2BCCB0F100E0E5C8 /* Constants.swift in Sources */,
				FE2285322BCDA69E00E0E5C8 /* GFItemInfoVC.swift in Sources */,
				FE2285302BCDA0E100E0E5C8 /* GFItemInfoView.swift in Sources */,
				FE2285162BC70DB600E0E5C8 /* GFTitleLabel.swift in Sources */,
				FE22851B2BC70FD100E0E5C8 /* GFAlertViewController.swift in Sources */,
				FE2285452BD023DE00E0E5C8 /* FavoriteCell.swift in Sources */,
				FE3D57B62B6977AA00A1B94A /* User.swift in Sources */,
				FE2285252BC9E3FC00E0E5C8 /* UserInfoVC.swift in Sources */,
			);
			runOnlyForDeploymentPostprocessing = 0;
		};
/* End PBXSourcesBuildPhase section */

/* Begin PBXVariantGroup section */
		FE3D57A52B695DE900A1B94A /* LaunchScreen.storyboard */ = {
			isa = PBXVariantGroup;
			children = (
				FE3D57A62B695DE900A1B94A /* Base */,
			);
			name = LaunchScreen.storyboard;
			sourceTree = "<group>";
		};
/* End PBXVariantGroup section */

/* Begin XCBuildConfiguration section */
		FE3D57A92B695DE900A1B94A /* Debug */ = {
			isa = XCBuildConfiguration;
			buildSettings = {
				ALWAYS_SEARCH_USER_PATHS = NO;
				CLANG_ANALYZER_NONNULL = YES;
				CLANG_ANALYZER_NUMBER_OBJECT_CONVERSION = YES_AGGRESSIVE;
				CLANG_CXX_LANGUAGE_STANDARD = "gnu++20";
				CLANG_ENABLE_MODULES = YES;
				CLANG_ENABLE_OBJC_ARC = YES;
				CLANG_ENABLE_OBJC_WEAK = YES;
				CLANG_WARN_BLOCK_CAPTURE_AUTORELEASING = YES;
				CLANG_WARN_BOOL_CONVERSION = YES;
				CLANG_WARN_COMMA = YES;
				CLANG_WARN_CONSTANT_CONVERSION = YES;
				CLANG_WARN_DEPRECATED_OBJC_IMPLEMENTATIONS = YES;
				CLANG_WARN_DIRECT_OBJC_ISA_USAGE = YES_ERROR;
				CLANG_WARN_DOCUMENTATION_COMMENTS = YES;
				CLANG_WARN_EMPTY_BODY = YES;
				CLANG_WARN_ENUM_CONVERSION = YES;
				CLANG_WARN_INFINITE_RECURSION = YES;
				CLANG_WARN_INT_CONVERSION = YES;
				CLANG_WARN_NON_LITERAL_NULL_CONVERSION = YES;
				CLANG_WARN_OBJC_IMPLICIT_RETAIN_SELF = YES;
				CLANG_WARN_OBJC_LITERAL_CONVERSION = YES;
				CLANG_WARN_OBJC_ROOT_CLASS = YES_ERROR;
				CLANG_WARN_QUOTED_INCLUDE_IN_FRAMEWORK_HEADER = YES;
				CLANG_WARN_RANGE_LOOP_ANALYSIS = YES;
				CLANG_WARN_STRICT_PROTOTYPES = YES;
				CLANG_WARN_SUSPICIOUS_MOVE = YES;
				CLANG_WARN_UNGUARDED_AVAILABILITY = YES_AGGRESSIVE;
				CLANG_WARN_UNREACHABLE_CODE = YES;
				CLANG_WARN__DUPLICATE_METHOD_MATCH = YES;
				COPY_PHASE_STRIP = NO;
				DEBUG_INFORMATION_FORMAT = dwarf;
				ENABLE_STRICT_OBJC_MSGSEND = YES;
				ENABLE_TESTABILITY = YES;
				ENABLE_USER_SCRIPT_SANDBOXING = YES;
				GCC_C_LANGUAGE_STANDARD = gnu11;
				GCC_DYNAMIC_NO_PIC = NO;
				GCC_NO_COMMON_BLOCKS = YES;
				GCC_OPTIMIZATION_LEVEL = 0;
				GCC_PREPROCESSOR_DEFINITIONS = (
					"DEBUG=1",
					"$(inherited)",
				);
				GCC_WARN_64_TO_32_BIT_CONVERSION = YES;
				GCC_WARN_ABOUT_RETURN_TYPE = YES_ERROR;
				GCC_WARN_UNDECLARED_SELECTOR = YES;
				GCC_WARN_UNINITIALIZED_AUTOS = YES_AGGRESSIVE;
				GCC_WARN_UNUSED_FUNCTION = YES;
				GCC_WARN_UNUSED_VARIABLE = YES;
				IPHONEOS_DEPLOYMENT_TARGET = 16.2;
				MTL_ENABLE_DEBUG_INFO = INCLUDE_SOURCE;
				MTL_FAST_MATH = YES;
				ONLY_ACTIVE_ARCH = YES;
				SDKROOT = iphoneos;
				SWIFT_ACTIVE_COMPILATION_CONDITIONS = DEBUG;
				SWIFT_OPTIMIZATION_LEVEL = "-Onone";
			};
			name = Debug;
		};
		FE3D57AA2B695DE900A1B94A /* Release */ = {
			isa = XCBuildConfiguration;
			buildSettings = {
				ALWAYS_SEARCH_USER_PATHS = NO;
				CLANG_ANALYZER_NONNULL = YES;
				CLANG_ANALYZER_NUMBER_OBJECT_CONVERSION = YES_AGGRESSIVE;
				CLANG_CXX_LANGUAGE_STANDARD = "gnu++20";
				CLANG_ENABLE_MODULES = YES;
				CLANG_ENABLE_OBJC_ARC = YES;
				CLANG_ENABLE_OBJC_WEAK = YES;
				CLANG_WARN_BLOCK_CAPTURE_AUTORELEASING = YES;
				CLANG_WARN_BOOL_CONVERSION = YES;
				CLANG_WARN_COMMA = YES;
				CLANG_WARN_CONSTANT_CONVERSION = YES;
				CLANG_WARN_DEPRECATED_OBJC_IMPLEMENTATIONS = YES;
				CLANG_WARN_DIRECT_OBJC_ISA_USAGE = YES_ERROR;
				CLANG_WARN_DOCUMENTATION_COMMENTS = YES;
				CLANG_WARN_EMPTY_BODY = YES;
				CLANG_WARN_ENUM_CONVERSION = YES;
				CLANG_WARN_INFINITE_RECURSION = YES;
				CLANG_WARN_INT_CONVERSION = YES;
				CLANG_WARN_NON_LITERAL_NULL_CONVERSION = YES;
				CLANG_WARN_OBJC_IMPLICIT_RETAIN_SELF = YES;
				CLANG_WARN_OBJC_LITERAL_CONVERSION = YES;
				CLANG_WARN_OBJC_ROOT_CLASS = YES_ERROR;
				CLANG_WARN_QUOTED_INCLUDE_IN_FRAMEWORK_HEADER = YES;
				CLANG_WARN_RANGE_LOOP_ANALYSIS = YES;
				CLANG_WARN_STRICT_PROTOTYPES = YES;
				CLANG_WARN_SUSPICIOUS_MOVE = YES;
				CLANG_WARN_UNGUARDED_AVAILABILITY = YES_AGGRESSIVE;
				CLANG_WARN_UNREACHABLE_CODE = YES;
				CLANG_WARN__DUPLICATE_METHOD_MATCH = YES;
				COPY_PHASE_STRIP = NO;
				DEBUG_INFORMATION_FORMAT = "dwarf-with-dsym";
				ENABLE_NS_ASSERTIONS = NO;
				ENABLE_STRICT_OBJC_MSGSEND = YES;
				ENABLE_USER_SCRIPT_SANDBOXING = YES;
				GCC_C_LANGUAGE_STANDARD = gnu11;
				GCC_NO_COMMON_BLOCKS = YES;
				GCC_WARN_64_TO_32_BIT_CONVERSION = YES;
				GCC_WARN_ABOUT_RETURN_TYPE = YES_ERROR;
				GCC_WARN_UNDECLARED_SELECTOR = YES;
				GCC_WARN_UNINITIALIZED_AUTOS = YES_AGGRESSIVE;
				GCC_WARN_UNUSED_FUNCTION = YES;
				GCC_WARN_UNUSED_VARIABLE = YES;
				IPHONEOS_DEPLOYMENT_TARGET = 16.2;
				MTL_ENABLE_DEBUG_INFO = NO;
				MTL_FAST_MATH = YES;
				SDKROOT = iphoneos;
				SWIFT_COMPILATION_MODE = wholemodule;
				SWIFT_OPTIMIZATION_LEVEL = "-O";
				VALIDATE_PRODUCT = YES;
			};
			name = Release;
		};
		FE3D57AC2B695DE900A1B94A /* Debug */ = {
			isa = XCBuildConfiguration;
			buildSettings = {
				ASSETCATALOG_COMPILER_APPICON_NAME = AppIcon;
				ASSETCATALOG_COMPILER_GLOBAL_ACCENT_COLOR_NAME = AccentColor;
				CODE_SIGN_STYLE = Automatic;
				CURRENT_PROJECT_VERSION = 1;
				DEVELOPMENT_TEAM = 8NM6K7T62N;
				GENERATE_INFOPLIST_FILE = YES;
				INFOPLIST_FILE = DiffableDataSource/Info.plist;
				INFOPLIST_KEY_UIApplicationSupportsIndirectInputEvents = YES;
				INFOPLIST_KEY_UILaunchStoryboardName = LaunchScreen;
				INFOPLIST_KEY_UISupportedInterfaceOrientations_iPad = "UIInterfaceOrientationPortrait UIInterfaceOrientationPortraitUpsideDown UIInterfaceOrientationLandscapeLeft UIInterfaceOrientationLandscapeRight";
				INFOPLIST_KEY_UISupportedInterfaceOrientations_iPhone = "UIInterfaceOrientationPortrait UIInterfaceOrientationLandscapeLeft UIInterfaceOrientationLandscapeRight";
				LD_RUNPATH_SEARCH_PATHS = (
					"$(inherited)",
					"@executable_path/Frameworks",
				);
				MARKETING_VERSION = 1.0;
				PRODUCT_BUNDLE_IDENTIFIER = com.pin.lu.DiffableDataSource;
				PRODUCT_NAME = "$(TARGET_NAME)";
				SWIFT_EMIT_LOC_STRINGS = YES;
				SWIFT_STRICT_CONCURRENCY = complete;
				SWIFT_VERSION = 5.0;
				TARGETED_DEVICE_FAMILY = "1,2";
			};
			name = Debug;
		};
		FE3D57AD2B695DE900A1B94A /* Release */ = {
			isa = XCBuildConfiguration;
			buildSettings = {
				ASSETCATALOG_COMPILER_APPICON_NAME = AppIcon;
				ASSETCATALOG_COMPILER_GLOBAL_ACCENT_COLOR_NAME = AccentColor;
				CODE_SIGN_STYLE = Automatic;
				CURRENT_PROJECT_VERSION = 1;
				DEVELOPMENT_TEAM = 8NM6K7T62N;
				GENERATE_INFOPLIST_FILE = YES;
				INFOPLIST_FILE = DiffableDataSource/Info.plist;
				INFOPLIST_KEY_UIApplicationSupportsIndirectInputEvents = YES;
				INFOPLIST_KEY_UILaunchStoryboardName = LaunchScreen;
				INFOPLIST_KEY_UISupportedInterfaceOrientations_iPad = "UIInterfaceOrientationPortrait UIInterfaceOrientationPortraitUpsideDown UIInterfaceOrientationLandscapeLeft UIInterfaceOrientationLandscapeRight";
				INFOPLIST_KEY_UISupportedInterfaceOrientations_iPhone = "UIInterfaceOrientationPortrait UIInterfaceOrientationLandscapeLeft UIInterfaceOrientationLandscapeRight";
				LD_RUNPATH_SEARCH_PATHS = (
					"$(inherited)",
					"@executable_path/Frameworks",
				);
				MARKETING_VERSION = 1.0;
				PRODUCT_BUNDLE_IDENTIFIER = com.pin.lu.DiffableDataSource;
				PRODUCT_NAME = "$(TARGET_NAME)";
				SWIFT_EMIT_LOC_STRINGS = YES;
				SWIFT_STRICT_CONCURRENCY = complete;
				SWIFT_VERSION = 5.0;
				TARGETED_DEVICE_FAMILY = "1,2";
			};
			name = Release;
		};
/* End XCBuildConfiguration section */

/* Begin XCConfigurationList section */
		FE3D57922B695DE600A1B94A /* Build configuration list for PBXProject "DiffableDataSource" */ = {
			isa = XCConfigurationList;
			buildConfigurations = (
				FE3D57A92B695DE900A1B94A /* Debug */,
				FE3D57AA2B695DE900A1B94A /* Release */,
			);
			defaultConfigurationIsVisible = 0;
			defaultConfigurationName = Release;
		};
		FE3D57AB2B695DE900A1B94A /* Build configuration list for PBXNativeTarget "DiffableDataSource" */ = {
			isa = XCConfigurationList;
			buildConfigurations = (
				FE3D57AC2B695DE900A1B94A /* Debug */,
				FE3D57AD2B695DE900A1B94A /* Release */,
			);
			defaultConfigurationIsVisible = 0;
			defaultConfigurationName = Release;
		};
/* End XCConfigurationList section */
	};
	rootObject = FE3D578F2B695DE600A1B94A /* Project object */;
}
